
Microsoft Visual Studio Solution File, Format Version 12.00
# Visual Studio 2015
Project("{FAE04EC0-301F-11D3-BF4B-00C04F79EFBC}") = "SecondProject", "SecondProject.csproj", "{A5AEC24B-2E74-35FC-E4B7-B40EA8435566}"
EndProject
Project("{FAE04EC0-301F-11D3-BF4B-00C04F79EFBC}") = "SecondProject.Editor", "SecondProject.Editor.csproj", "{7A110787-BF25-A1B8-5447-D9F09714E3CC}"
EndProject
Global
	GlobalSection(SolutionConfigurationPlatforms) = preSolution
		Debug|Any CPU = Debug|Any CPU
		Release|Any CPU = Release|Any CPU
	EndGlobalSection
	GlobalSection(ProjectConfigurationPlatforms) = postSolution
		{A5AEC24B-2E74-35FC-E4B7-B40EA8435566}.Debug|Any CPU.ActiveCfg = Debug|Any CPU
		{A5AEC24B-2E74-35FC-E4B7-B40EA8435566}.Debug|Any CPU.Build.0 = Debug|Any CPU
		{A5AEC24B-2E74-35FC-E4B7-B40EA8435566}.Release|Any CPU.ActiveCfg = Release|Any CPU
		{A5AEC24B-2E74-35FC-E4B7-B40EA8435566}.Release|Any CPU.Build.0 = Release|Any CPU
		{7A110787-BF25-A1B8-5447-D9F09714E3CC}.Debug|Any CPU.ActiveCfg = Debug|Any CPU
		{7A110787-BF25-A1B8-5447-D9F09714E3CC}.Debug|Any CPU.Build.0 = Debug|Any CPU
		{7A110787-BF25-A1B8-5447-D9F09714E3CC}.Release|Any CPU.ActiveCfg = Release|Any CPU
		{7A110787-BF25-A1B8-5447-D9F09714E3CC}.Release|Any CPU.Build.0 = Release|Any CPU
	EndGlobalSection
	GlobalSection(SolutionProperties) = preSolution
		HideSolutionNode = FALSE
	EndGlobalSection
EndGlobal
